{
  "name": "@madladtv/indexers",
  "version": "0.0.0",
  "lockfileVersion": 2,
  "requires": true,
  "packages": {
    "": {
      "name": "@madladtv/indexers",
      "version": "0.0.0",
      "workspaces": [
        "packages/indexer-types",
        "packages/creative-commons"
      ],
      "devDependencies": {
        "typescript": "^4.6.4"
      }
    },
    "node_modules/@madladtv/creative-commons": {
      "resolved": "packages/creative-commons",
      "link": true
    },
    "node_modules/@madladtv/indexer-types": {
      "resolved": "packages/indexer-types",
      "link": true
    },
    "node_modules/typescript": {
      "version": "4.6.4",
      "resolved": "https://registry.npmjs.org/typescript/-/typescript-4.6.4.tgz",
      "integrity": "sha512-9ia/jWHIEbo49HfjrLGfKbZSuWo9iTMwXO+Ca3pRsSpbsMbc7/IU8NKdCZVRRBafVPGnoJeFL76ZOAA84I9fEg==",
      "dev": true,
      "bin": {
        "tsc": "bin/tsc",
        "tsserver": "bin/tsserver"
      },
      "engines": {
        "node": ">=4.2.0"
      }
    },
    "packages/creative-commons": {
      "name": "@madladtv/creative-commons",
      "version": "0.0.0",
      "license": "ISC",
      "devDependencies": {
        "@madladtv/indexer-types": "^0.0.0"
      }
    },
    "packages/indexer-types": {
      "name": "@madladtv/indexer-types",
      "version": "0.0.0",
      "license": "ISC"
    }
  },
  "dependencies": {
    "@madladtv/creative-commons": {
      "version": "file:packages/creative-commons",
      "requires": {
        "@madladtv/indexer-types": "^0.0.0"
      }
    },
    "@madladtv/indexer-types": {
      "version": "file:packages/indexer-types"
    },
    "typescript": {
      "version": "4.6.4",
      "resolved": "https://registry.npmjs.org/typescript/-/typescript-4.6.4.tgz",
      "integrity": "sha512-9ia/jWHIEbo49HfjrLGfKbZSuWo9iTMwXO+Ca3pRsSpbsMbc7/IU8NKdCZVRRBafVPGnoJeFL76ZOAA84I9fEg==",
      "dev": true
    }
  }
}
